github.com/google/go-cmp v0.5.8 h1:e6P7q2lk1O+qJJb4BtCQXlK8vWEO8V1ZeuEdJNOqZyg=
github.com/google/go-cmp v0.5.8/go.mod h1:17dUlkBOakJ0+DkrSSNjCkIjxS6bF9zb3elmeNGIjoY=
github.com/shoenig/test v0.4.0 h1:3X4xG/Chx7mzi0h71Sm6Vo38q0EYaQIBZpYFRcA1HVM=
github.com/shoenig/test v0.4.0/go.mod h1:xYtyGBC5Q3kzCNyJg/SjgNpfAa2kvmgA0i5+lQso8x0=
golang.org/x/exp v0.0.0-20221006183845-316c7553db56 h1:BrYbdKcCNjLyrN6aKqXy4hPw9qGI8IATkj4EWv9Q+kQ=
golang.org/x/exp v0.0.0-20221006183845-316c7553db56/go.mod h1:cyybsKvd6eL0RnXn6p/Grxp8F5bW7iYuBgsNCOHpMYE=
